
Microsoft Visual Studio Solution File, Format Version 12.00
Project("{FAE04EC0-301F-11D3-BF4B-00C04F79EFBC}") = "Lab2.Task4", "Lab2.Task4\Lab2.Task4.csproj", "{C2E62DE8-9072-4FFD-9738-8054D8F0C84C}"
EndProject
Project("{FAE04EC0-301F-11D3-BF4B-00C04F79EFBC}") = "Lab2.Task13", "Lab2.Task13\Lab2.Task13.csproj", "{6366091D-D5A8-4A82-A6FE-D1A8821AADBF}"
EndProject
Global
	GlobalSection(SolutionConfigurationPlatforms) = preSolution
		Debug|Any CPU = Debug|Any CPU
		Release|Any CPU = Release|Any CPU
	EndGlobalSection
	GlobalSection(ProjectConfigurationPlatforms) = postSolution
		{C2E62DE8-9072-4FFD-9738-8054D8F0C84C}.Debug|Any CPU.ActiveCfg = Debug|Any CPU
		{C2E62DE8-9072-4FFD-9738-8054D8F0C84C}.Debug|Any CPU.Build.0 = Debug|Any CPU
		{C2E62DE8-9072-4FFD-9738-8054D8F0C84C}.Release|Any CPU.ActiveCfg = Release|Any CPU
		{C2E62DE8-9072-4FFD-9738-8054D8F0C84C}.Release|Any CPU.Build.0 = Release|Any CPU
		{6366091D-D5A8-4A82-A6FE-D1A8821AADBF}.Debug|Any CPU.ActiveCfg = Debug|Any CPU
		{6366091D-D5A8-4A82-A6FE-D1A8821AADBF}.Debug|Any CPU.Build.0 = Debug|Any CPU
		{6366091D-D5A8-4A82-A6FE-D1A8821AADBF}.Release|Any CPU.ActiveCfg = Release|Any CPU
		{6366091D-D5A8-4A82-A6FE-D1A8821AADBF}.Release|Any CPU.Build.0 = Release|Any CPU
	EndGlobalSection
EndGlobal
